
Microsoft Visual Studio Solution File, Format Version 12.00
# Visual Studio Version 17
VisualStudioVersion = 17.0.31903.59
MinimumVisualStudioVersion = 10.0.40219.1
Project("{2150E333-8FDC-42A3-9474-1A3956D46DE8}") = "Services", "Services", "{02EA681E-C7D8-13C7-8484-4AC65E1B71E8}"
EndProject
Project("{2150E333-8FDC-42A3-9474-1A3956D46DE8}") = "Catalog", "Catalog", "{D3EE5090-944C-4571-88D6-6C9A4012780E}"
EndProject
Project("{FAE04EC0-301F-11D3-BF4B-00C04F79EFBC}") = "Catalog.API", "Services\Catalog\Catalog.API\Catalog.API.csproj", "{3E3090C9-53B8-4459-955F-FB696DA2CE30}"
EndProject
Project("{2150E333-8FDC-42A3-9474-1A3956D46DE8}") = "BuildingBlocks", "BuildingBlocks", "{185DD6A2-E52B-4A21-B92C-6EDCFF937FE7}"
EndProject
Project("{FAE04EC0-301F-11D3-BF4B-00C04F79EFBC}") = "BuildingBlocks", "BuildingBlocks\BuildingBlocks\BuildingBlocks.csproj", "{403D9324-7E3A-44B6-A086-637089229D5C}"
EndProject
Project("{E53339B2-1760-4266-BCC7-CA923CBCF16C}") = "docker-compose", "docker-compose.dcproj", "{81DDED9D-158B-E303-5F62-77A2896D2A5A}"
EndProject
Project("{2150E333-8FDC-42A3-9474-1A3956D46DE8}") = "Basket", "Basket", "{BCC68098-23F6-4709-A01F-5B55F860FE55}"
EndProject
Project("{FAE04EC0-301F-11D3-BF4B-00C04F79EFBC}") = "Basket.API", "Services\Basket\Basket.API\Basket.API.csproj", "{3BBFE51C-2C68-43A2-9E7E-4A3D4857E614}"
EndProject
Project("{2150E333-8FDC-42A3-9474-1A3956D46DE8}") = "Discount", "Discount", "{C0A899E1-6888-4122-90F8-3F954543FD80}"
EndProject
Project("{FAE04EC0-301F-11D3-BF4B-00C04F79EFBC}") = "Discount.Grpc", "Services\Discount\Discount.Grpc\Discount.Grpc.csproj", "{1781FF42-232A-4CB6-B25B-35590B52E36A}"
EndProject
Project("{2150E333-8FDC-42A3-9474-1A3956D46DE8}") = "Ordering", "Ordering", "{38D3E80D-DE4E-4A29-9E89-3BB77CDB80CE}"
EndProject
Project("{FAE04EC0-301F-11D3-BF4B-00C04F79EFBC}") = "Ordering.API", "Services\Ordering\Ordering.API\Ordering.API.csproj", "{84B06872-7FC9-4E3D-95D1-591EC4D01AEE}"
EndProject
Project("{FAE04EC0-301F-11D3-BF4B-00C04F79EFBC}") = "Ordering.Domain", "Services\Ordering\Ordering.Domain\Ordering.Domain.csproj", "{54B28AF2-C694-4934-A681-E9CD6B7839B7}"
EndProject
Project("{FAE04EC0-301F-11D3-BF4B-00C04F79EFBC}") = "Ordering.Application", "Services\Ordering\Ordering.Application\Ordering.Application.csproj", "{FCE7E655-8FA6-4B20-A7EC-4817BC0DF026}"
EndProject
Project("{FAE04EC0-301F-11D3-BF4B-00C04F79EFBC}") = "Ordering.Infrastructure", "Services\Ordering\Ordering.Infrastructure\Ordering.Infrastructure.csproj", "{25CF01B1-7806-462A-BDC3-A6D7E081E88A}"
EndProject
Project("{FAE04EC0-301F-11D3-BF4B-00C04F79EFBC}") = "BuildingBlocks.Messaging", "BuildingBlocks\BuildingBlocks.Messaging\BuildingBlocks.Messaging.csproj", "{A1BF3ACB-3717-42D0-BD3A-2481D39E1788}"
EndProject
Project("{2150E333-8FDC-42A3-9474-1A3956D46DE8}") = "ApiGateways", "ApiGateways", "{0033CF5A-80BF-42ED-9BAF-96FA01E13A0E}"
EndProject
Project("{FAE04EC0-301F-11D3-BF4B-00C04F79EFBC}") = "YarpApiGateway", "ApiGateways\YarpApiGateway\YarpApiGateway.csproj", "{8D824FB6-553C-4481-8BF2-4A980ACE1D77}"
EndProject
Global
	GlobalSection(SolutionConfigurationPlatforms) = preSolution
		Debug|Any CPU = Debug|Any CPU
		Release|Any CPU = Release|Any CPU
	EndGlobalSection
	GlobalSection(ProjectConfigurationPlatforms) = postSolution
		{3E3090C9-53B8-4459-955F-FB696DA2CE30}.Debug|Any CPU.ActiveCfg = Debug|Any CPU
		{3E3090C9-53B8-4459-955F-FB696DA2CE30}.Debug|Any CPU.Build.0 = Debug|Any CPU
		{3E3090C9-53B8-4459-955F-FB696DA2CE30}.Release|Any CPU.ActiveCfg = Release|Any CPU
		{3E3090C9-53B8-4459-955F-FB696DA2CE30}.Release|Any CPU.Build.0 = Release|Any CPU
		{403D9324-7E3A-44B6-A086-637089229D5C}.Debug|Any CPU.ActiveCfg = Debug|Any CPU
		{403D9324-7E3A-44B6-A086-637089229D5C}.Debug|Any CPU.Build.0 = Debug|Any CPU
		{403D9324-7E3A-44B6-A086-637089229D5C}.Release|Any CPU.ActiveCfg = Release|Any CPU
		{403D9324-7E3A-44B6-A086-637089229D5C}.Release|Any CPU.Build.0 = Release|Any CPU
		{81DDED9D-158B-E303-5F62-77A2896D2A5A}.Debug|Any CPU.ActiveCfg = Debug|Any CPU
		{81DDED9D-158B-E303-5F62-77A2896D2A5A}.Debug|Any CPU.Build.0 = Debug|Any CPU
		{81DDED9D-158B-E303-5F62-77A2896D2A5A}.Release|Any CPU.ActiveCfg = Release|Any CPU
		{81DDED9D-158B-E303-5F62-77A2896D2A5A}.Release|Any CPU.Build.0 = Release|Any CPU
		{3BBFE51C-2C68-43A2-9E7E-4A3D4857E614}.Debug|Any CPU.ActiveCfg = Debug|Any CPU
		{3BBFE51C-2C68-43A2-9E7E-4A3D4857E614}.Debug|Any CPU.Build.0 = Debug|Any CPU
		{3BBFE51C-2C68-43A2-9E7E-4A3D4857E614}.Release|Any CPU.ActiveCfg = Release|Any CPU
		{3BBFE51C-2C68-43A2-9E7E-4A3D4857E614}.Release|Any CPU.Build.0 = Release|Any CPU
		{1781FF42-232A-4CB6-B25B-35590B52E36A}.Debug|Any CPU.ActiveCfg = Debug|Any CPU
		{1781FF42-232A-4CB6-B25B-35590B52E36A}.Debug|Any CPU.Build.0 = Debug|Any CPU
		{1781FF42-232A-4CB6-B25B-35590B52E36A}.Release|Any CPU.ActiveCfg = Release|Any CPU
		{1781FF42-232A-4CB6-B25B-35590B52E36A}.Release|Any CPU.Build.0 = Release|Any CPU
		{84B06872-7FC9-4E3D-95D1-591EC4D01AEE}.Debug|Any CPU.ActiveCfg = Debug|Any CPU
		{84B06872-7FC9-4E3D-95D1-591EC4D01AEE}.Debug|Any CPU.Build.0 = Debug|Any CPU
		{84B06872-7FC9-4E3D-95D1-591EC4D01AEE}.Release|Any CPU.ActiveCfg = Release|Any CPU
		{84B06872-7FC9-4E3D-95D1-591EC4D01AEE}.Release|Any CPU.Build.0 = Release|Any CPU
		{54B28AF2-C694-4934-A681-E9CD6B7839B7}.Debug|Any CPU.ActiveCfg = Debug|Any CPU
		{54B28AF2-C694-4934-A681-E9CD6B7839B7}.Debug|Any CPU.Build.0 = Debug|Any CPU
		{54B28AF2-C694-4934-A681-E9CD6B7839B7}.Release|Any CPU.ActiveCfg = Release|Any CPU
		{54B28AF2-C694-4934-A681-E9CD6B7839B7}.Release|Any CPU.Build.0 = Release|Any CPU
		{FCE7E655-8FA6-4B20-A7EC-4817BC0DF026}.Debug|Any CPU.ActiveCfg = Debug|Any CPU
		{FCE7E655-8FA6-4B20-A7EC-4817BC0DF026}.Debug|Any CPU.Build.0 = Debug|Any CPU
		{FCE7E655-8FA6-4B20-A7EC-4817BC0DF026}.Release|Any CPU.ActiveCfg = Release|Any CPU
		{FCE7E655-8FA6-4B20-A7EC-4817BC0DF026}.Release|Any CPU.Build.0 = Release|Any CPU
		{25CF01B1-7806-462A-BDC3-A6D7E081E88A}.Debug|Any CPU.ActiveCfg = Debug|Any CPU
		{25CF01B1-7806-462A-BDC3-A6D7E081E88A}.Debug|Any CPU.Build.0 = Debug|Any CPU
		{25CF01B1-7806-462A-BDC3-A6D7E081E88A}.Release|Any CPU.ActiveCfg = Release|Any CPU
		{25CF01B1-7806-462A-BDC3-A6D7E081E88A}.Release|Any CPU.Build.0 = Release|Any CPU
		{A1BF3ACB-3717-42D0-BD3A-2481D39E1788}.Debug|Any CPU.ActiveCfg = Debug|Any CPU
		{A1BF3ACB-3717-42D0-BD3A-2481D39E1788}.Debug|Any CPU.Build.0 = Debug|Any CPU
		{A1BF3ACB-3717-42D0-BD3A-2481D39E1788}.Release|Any CPU.ActiveCfg = Release|Any CPU
		{A1BF3ACB-3717-42D0-BD3A-2481D39E1788}.Release|Any CPU.Build.0 = Release|Any CPU
		{8D824FB6-553C-4481-8BF2-4A980ACE1D77}.Debug|Any CPU.ActiveCfg = Debug|Any CPU
		{8D824FB6-553C-4481-8BF2-4A980ACE1D77}.Debug|Any CPU.Build.0 = Debug|Any CPU
		{8D824FB6-553C-4481-8BF2-4A980ACE1D77}.Release|Any CPU.ActiveCfg = Release|Any CPU
		{8D824FB6-553C-4481-8BF2-4A980ACE1D77}.Release|Any CPU.Build.0 = Release|Any CPU
	EndGlobalSection
	GlobalSection(SolutionProperties) = preSolution
		HideSolutionNode = FALSE
	EndGlobalSection
	GlobalSection(NestedProjects) = preSolution
		{D3EE5090-944C-4571-88D6-6C9A4012780E} = {02EA681E-C7D8-13C7-8484-4AC65E1B71E8}
		{3E3090C9-53B8-4459-955F-FB696DA2CE30} = {D3EE5090-944C-4571-88D6-6C9A4012780E}
		{403D9324-7E3A-44B6-A086-637089229D5C} = {185DD6A2-E52B-4A21-B92C-6EDCFF937FE7}
		{BCC68098-23F6-4709-A01F-5B55F860FE55} = {02EA681E-C7D8-13C7-8484-4AC65E1B71E8}
		{3BBFE51C-2C68-43A2-9E7E-4A3D4857E614} = {BCC68098-23F6-4709-A01F-5B55F860FE55}
		{C0A899E1-6888-4122-90F8-3F954543FD80} = {02EA681E-C7D8-13C7-8484-4AC65E1B71E8}
		{1781FF42-232A-4CB6-B25B-35590B52E36A} = {C0A899E1-6888-4122-90F8-3F954543FD80}
		{38D3E80D-DE4E-4A29-9E89-3BB77CDB80CE} = {02EA681E-C7D8-13C7-8484-4AC65E1B71E8}
		{84B06872-7FC9-4E3D-95D1-591EC4D01AEE} = {38D3E80D-DE4E-4A29-9E89-3BB77CDB80CE}
		{54B28AF2-C694-4934-A681-E9CD6B7839B7} = {38D3E80D-DE4E-4A29-9E89-3BB77CDB80CE}
		{FCE7E655-8FA6-4B20-A7EC-4817BC0DF026} = {38D3E80D-DE4E-4A29-9E89-3BB77CDB80CE}
		{25CF01B1-7806-462A-BDC3-A6D7E081E88A} = {38D3E80D-DE4E-4A29-9E89-3BB77CDB80CE}
		{A1BF3ACB-3717-42D0-BD3A-2481D39E1788} = {185DD6A2-E52B-4A21-B92C-6EDCFF937FE7}
		{8D824FB6-553C-4481-8BF2-4A980ACE1D77} = {0033CF5A-80BF-42ED-9BAF-96FA01E13A0E}
	EndGlobalSection
	GlobalSection(ExtensibilityGlobals) = postSolution
		SolutionGuid = {B623284C-CFC6-40DE-B8B1-06BC6F436D22}
	EndGlobalSection
EndGlobal
