
Microsoft Visual Studio Solution File, Format Version 12.00
# Visual Studio Version 17
VisualStudioVersion = 17.0.31903.59
MinimumVisualStudioVersion = 10.0.40219.1
Project("{2150E333-8FDC-42A3-9474-1A3956D46DE8}") = "Services", "Services", "{02EA681E-C7D8-13C7-8484-4AC65E1B71E8}"
EndProject
Project("{2150E333-8FDC-42A3-9474-1A3956D46DE8}") = "Catalog", "Catalog", "{D3EE5090-944C-4571-88D6-6C9A4012780E}"
EndProject
Project("{FAE04EC0-301F-11D3-BF4B-00C04F79EFBC}") = "Catalog.API", "Services\Catalog\Catalog.API\Catalog.API.csproj", "{3E3090C9-53B8-4459-955F-FB696DA2CE30}"
EndProject
Project("{2150E333-8FDC-42A3-9474-1A3956D46DE8}") = "BuildingBlocks", "BuildingBlocks", "{185DD6A2-E52B-4A21-B92C-6EDCFF937FE7}"
EndProject
Project("{FAE04EC0-301F-11D3-BF4B-00C04F79EFBC}") = "BuildingBlocks", "BuildingBlocks\BuildingBlocks\BuildingBlocks.csproj", "{403D9324-7E3A-44B6-A086-637089229D5C}"
EndProject
Project("{E53339B2-1760-4266-BCC7-CA923CBCF16C}") = "docker-compose", "docker-compose.dcproj", "{81DDED9D-158B-E303-5F62-77A2896D2A5A}"
EndProject
Project("{2150E333-8FDC-42A3-9474-1A3956D46DE8}") = "Basket", "Basket", "{BCC68098-23F6-4709-A01F-5B55F860FE55}"
EndProject
Project("{FAE04EC0-301F-11D3-BF4B-00C04F79EFBC}") = "Basket.API", "Services\Basket\Basket.API\Basket.API.csproj", "{3BBFE51C-2C68-43A2-9E7E-4A3D4857E614}"
EndProject
Project("{2150E333-8FDC-42A3-9474-1A3956D46DE8}") = "Discount", "Discount", "{C0A899E1-6888-4122-90F8-3F954543FD80}"
EndProject
Project("{FAE04EC0-301F-11D3-BF4B-00C04F79EFBC}") = "Discount.Grpc", "Services\Discount\Discount.Grpc\Discount.Grpc.csproj", "{1781FF42-232A-4CB6-B25B-35590B52E36A}"
EndProject
Global
	GlobalSection(SolutionConfigurationPlatforms) = preSolution
		Debug|Any CPU = Debug|Any CPU
		Release|Any CPU = Release|Any CPU
	EndGlobalSection
	GlobalSection(ProjectConfigurationPlatforms) = postSolution
		{3E3090C9-53B8-4459-955F-FB696DA2CE30}.Debug|Any CPU.ActiveCfg = Debug|Any CPU
		{3E3090C9-53B8-4459-955F-FB696DA2CE30}.Debug|Any CPU.Build.0 = Debug|Any CPU
		{3E3090C9-53B8-4459-955F-FB696DA2CE30}.Release|Any CPU.ActiveCfg = Release|Any CPU
		{3E3090C9-53B8-4459-955F-FB696DA2CE30}.Release|Any CPU.Build.0 = Release|Any CPU
		{403D9324-7E3A-44B6-A086-637089229D5C}.Debug|Any CPU.ActiveCfg = Debug|Any CPU
		{403D9324-7E3A-44B6-A086-637089229D5C}.Debug|Any CPU.Build.0 = Debug|Any CPU
		{403D9324-7E3A-44B6-A086-637089229D5C}.Release|Any CPU.ActiveCfg = Release|Any CPU
		{403D9324-7E3A-44B6-A086-637089229D5C}.Release|Any CPU.Build.0 = Release|Any CPU
		{81DDED9D-158B-E303-5F62-77A2896D2A5A}.Debug|Any CPU.ActiveCfg = Debug|Any CPU
		{81DDED9D-158B-E303-5F62-77A2896D2A5A}.Debug|Any CPU.Build.0 = Debug|Any CPU
		{81DDED9D-158B-E303-5F62-77A2896D2A5A}.Release|Any CPU.ActiveCfg = Release|Any CPU
		{81DDED9D-158B-E303-5F62-77A2896D2A5A}.Release|Any CPU.Build.0 = Release|Any CPU
		{3BBFE51C-2C68-43A2-9E7E-4A3D4857E614}.Debug|Any CPU.ActiveCfg = Debug|Any CPU
		{3BBFE51C-2C68-43A2-9E7E-4A3D4857E614}.Debug|Any CPU.Build.0 = Debug|Any CPU
		{3BBFE51C-2C68-43A2-9E7E-4A3D4857E614}.Release|Any CPU.ActiveCfg = Release|Any CPU
		{3BBFE51C-2C68-43A2-9E7E-4A3D4857E614}.Release|Any CPU.Build.0 = Release|Any CPU
		{1781FF42-232A-4CB6-B25B-35590B52E36A}.Debug|Any CPU.ActiveCfg = Debug|Any CPU
		{1781FF42-232A-4CB6-B25B-35590B52E36A}.Debug|Any CPU.Build.0 = Debug|Any CPU
		{1781FF42-232A-4CB6-B25B-35590B52E36A}.Release|Any CPU.ActiveCfg = Release|Any CPU
		{1781FF42-232A-4CB6-B25B-35590B52E36A}.Release|Any CPU.Build.0 = Release|Any CPU
	EndGlobalSection
	GlobalSection(SolutionProperties) = preSolution
		HideSolutionNode = FALSE
	EndGlobalSection
	GlobalSection(NestedProjects) = preSolution
		{D3EE5090-944C-4571-88D6-6C9A4012780E} = {02EA681E-C7D8-13C7-8484-4AC65E1B71E8}
		{3E3090C9-53B8-4459-955F-FB696DA2CE30} = {D3EE5090-944C-4571-88D6-6C9A4012780E}
		{403D9324-7E3A-44B6-A086-637089229D5C} = {185DD6A2-E52B-4A21-B92C-6EDCFF937FE7}
		{BCC68098-23F6-4709-A01F-5B55F860FE55} = {02EA681E-C7D8-13C7-8484-4AC65E1B71E8}
		{3BBFE51C-2C68-43A2-9E7E-4A3D4857E614} = {BCC68098-23F6-4709-A01F-5B55F860FE55}
		{C0A899E1-6888-4122-90F8-3F954543FD80} = {02EA681E-C7D8-13C7-8484-4AC65E1B71E8}
		{1781FF42-232A-4CB6-B25B-35590B52E36A} = {C0A899E1-6888-4122-90F8-3F954543FD80}
	EndGlobalSection
	GlobalSection(ExtensibilityGlobals) = postSolution
		SolutionGuid = {B623284C-CFC6-40DE-B8B1-06BC6F436D22}
	EndGlobalSection
EndGlobal
